
Microsoft Visual Studio Solution File, Format Version 11.00
# Visual Studio 2010
Project("{FAE04EC0-301F-11D3-BF4B-00C04F79EFBC}") = "VuforiaScripts", "VuforiaScripts.csproj", "{80C34475-42BB-3AC2-AD06-83E38B2BED56}"
EndProject
Project("{FAE04EC0-301F-11D3-BF4B-00C04F79EFBC}") = "VuforiaEditorScripts", "VuforiaEditorScripts.csproj", "{CD117B99-5F17-E37C-9BDB-0A7F50B7BB6D}"
EndProject
Global
	GlobalSection(SolutionConfigurationPlatforms) = preSolution
		Debug|Any CPU = Debug|Any CPU
		Release|Any CPU = Release|Any CPU
	EndGlobalSection
	GlobalSection(ProjectConfigurationPlatforms) = postSolution
		{80C34475-42BB-3AC2-AD06-83E38B2BED56}.Debug|Any CPU.ActiveCfg = Debug|Any CPU
		{80C34475-42BB-3AC2-AD06-83E38B2BED56}.Debug|Any CPU.Build.0 = Debug|Any CPU
		{80C34475-42BB-3AC2-AD06-83E38B2BED56}.Release|Any CPU.ActiveCfg = Release|Any CPU
		{80C34475-42BB-3AC2-AD06-83E38B2BED56}.Release|Any CPU.Build.0 = Release|Any CPU
		{CD117B99-5F17-E37C-9BDB-0A7F50B7BB6D}.Debug|Any CPU.ActiveCfg = Debug|Any CPU
		{CD117B99-5F17-E37C-9BDB-0A7F50B7BB6D}.Debug|Any CPU.Build.0 = Debug|Any CPU
		{CD117B99-5F17-E37C-9BDB-0A7F50B7BB6D}.Release|Any CPU.ActiveCfg = Release|Any CPU
		{CD117B99-5F17-E37C-9BDB-0A7F50B7BB6D}.Release|Any CPU.Build.0 = Release|Any CPU
	EndGlobalSection
	GlobalSection(SolutionProperties) = preSolution
		HideSolutionNode = FALSE
	EndGlobalSection
	GlobalSection(MonoDevelopProperties) = preSolution
		StartupItem = Assembly-CSharp.csproj
	EndGlobalSection
EndGlobal
